PODS:
  - AliPlayerSDK_iOS (5.5.6.0):
    - AliPlayerSDK_iOS/AliPlayerSDK (= 5.5.6.0)
  - AliPlayerSDK_iOS/AliPlayerSDK (5.5.6.0)
  - GCDWebServer (3.5.4):
    - GCDWebServer/Core (= 3.5.4)
  - GCDWebServer/Core (3.5.4)
  - MLYALISDK (0.2.1.6):
    - GCDWebServer (= 3.5.4)
    - Mux-Stats-AVPlayer (= 3.1.0)
    - MuxStatsAliPlayer
    - Sentry (= 7.31.3)
    - SwiftCentrifuge (= 0.5.5)
    - SwiftProtobuf (= 1.21.0)
    - WebRTC-SDK (= 104.5112.16)
  - Mux-Stats-AVPlayer (3.1.0):
    - Mux-Stats-Core (~> 4.2)
  - Mux-Stats-Core (4.5.1)
  - MuxStatsAliPlayer (0.2.1.5):
    - AliPlayerSDK_iOS (= 5.5.6.0)
    - Mux-Stats-Core (~> 4.5)
  - Sentry (7.31.3):
    - Sentry/Core (= 7.31.3)
  - Sentry/Core (7.31.3)
  - SwiftCentrifuge (0.5.5):
    - SwiftProtobuf
  - SwiftProtobuf (1.21.0)
  - WebRTC-SDK (104.5112.16)

DEPENDENCIES:
  - MLYALISDK (from `https://github.com/mlytics/mly-stream-sdk-aliplayer-ios.git`)
  - MuxStatsAliPlayer (from `https://github.com/mlytics/mly-stream-sdk-aliplayer-ios.git`)

SPEC REPOS:
  trunk:
    - AliPlayerSDK_iOS
    - GCDWebServer
    - Mux-Stats-AVPlayer
    - Mux-Stats-Core
    - Sentry
    - SwiftCentrifuge
    - SwiftProtobuf
    - WebRTC-SDK

EXTERNAL SOURCES:
  MLYALISDK:
    :git: https://github.com/mlytics/mly-stream-sdk-aliplayer-ios.git
  MuxStatsAliPlayer:
    :git: https://github.com/mlytics/mly-stream-sdk-aliplayer-ios.git

CHECKOUT OPTIONS:
  MLYALISDK:
    :commit: d4ef19468939843e9c72f1099a6109ea853262f8
    :git: https://github.com/mlytics/mly-stream-sdk-aliplayer-ios.git
  MuxStatsAliPlayer:
    :commit: d4ef19468939843e9c72f1099a6109ea853262f8
    :git: https://github.com/mlytics/mly-stream-sdk-aliplayer-ios.git

SPEC CHECKSUMS:
  AliPlayerSDK_iOS: fa379587f1f6b9c7dc588f8328ad64f1f550b826
  GCDWebServer: 2c156a56c8226e2d5c0c3f208a3621ccffbe3ce4
  MLYALISDK: 6c9e372d205392ddd021ab595d10fbb012ec6c74
  Mux-Stats-AVPlayer: 669b2454e52700623f2ee89397cb77b1885ce600
  Mux-Stats-Core: 333983d927bb2f0b5e0afdcd295bfc0d0562584d
  MuxStatsAliPlayer: e262d8a8264a7691c2557897d2cf7b35d4b0278f
  Sentry: 08884c523575ec0f6690d94ed3ccb0246a1600bf
  SwiftCentrifuge: 8b765b93b58a22b646eb8eb2ff6f3e8acf1c0480
  SwiftProtobuf: afced68785854575756db965e9da52bbf3dc45e7
  WebRTC-SDK: 566e58d2916cb79d770350169a449ea523f5db7c

PODFILE CHECKSUM: e520c350eabd60a86ca6bc490b30d75fdb3793a9

COCOAPODS: 1.12.1
